
Microsoft Visual Studio Solution File, Format Version 12.00
# Visual Studio Version 17
VisualStudioVersion = 17.11.35327.3
MinimumVisualStudioVersion = 10.0.40219.1
Project("{FAE04EC0-301F-11D3-BF4B-00C04F79EFBC}") = "CadastroProduto", "CadastroProduto.csproj", "{75B32138-522F-4AF2-8BCF-97B514BE321F}"
EndProject
Global
	GlobalSection(SolutionConfigurationPlatforms) = preSolution
		Debug|Any CPU = Debug|Any CPU
		Release|Any CPU = Release|Any CPU
	EndGlobalSection
	GlobalSection(ProjectConfigurationPlatforms) = postSolution
		{75B32138-522F-4AF2-8BCF-97B514BE321F}.Debug|Any CPU.ActiveCfg = Debug|Any CPU
		{75B32138-522F-4AF2-8BCF-97B514BE321F}.Debug|Any CPU.Build.0 = Debug|Any CPU
		{75B32138-522F-4AF2-8BCF-97B514BE321F}.Release|Any CPU.ActiveCfg = Release|Any CPU
		{75B32138-522F-4AF2-8BCF-97B514BE321F}.Release|Any CPU.Build.0 = Release|Any CPU
	EndGlobalSection
	GlobalSection(SolutionProperties) = preSolution
		HideSolutionNode = FALSE
	EndGlobalSection
	GlobalSection(ExtensibilityGlobals) = postSolution
		SolutionGuid = {B979CBFD-D662-43DA-9B80-51A32DFD94FA}
	EndGlobalSection
EndGlobal
