
Microsoft Visual Studio Solution File, Format Version 12.00
# Visual Studio Version 17
VisualStudioVersion = 17.11.35327.3
MinimumVisualStudioVersion = 10.0.40219.1
Project("{FAE04EC0-301F-11D3-BF4B-00C04F79EFBC}") = "Calculadora2", "Calculadora2.csproj", "{9673B184-9DDE-4610-9696-B96EE8E0DED4}"
EndProject
Global
	GlobalSection(SolutionConfigurationPlatforms) = preSolution
		Debug|Any CPU = Debug|Any CPU
		Release|Any CPU = Release|Any CPU
	EndGlobalSection
	GlobalSection(ProjectConfigurationPlatforms) = postSolution
		{9673B184-9DDE-4610-9696-B96EE8E0DED4}.Debug|Any CPU.ActiveCfg = Debug|Any CPU
		{9673B184-9DDE-4610-9696-B96EE8E0DED4}.Debug|Any CPU.Build.0 = Debug|Any CPU
		{9673B184-9DDE-4610-9696-B96EE8E0DED4}.Release|Any CPU.ActiveCfg = Release|Any CPU
		{9673B184-9DDE-4610-9696-B96EE8E0DED4}.Release|Any CPU.Build.0 = Release|Any CPU
	EndGlobalSection
	GlobalSection(SolutionProperties) = preSolution
		HideSolutionNode = FALSE
	EndGlobalSection
	GlobalSection(ExtensibilityGlobals) = postSolution
		SolutionGuid = {266CA6ED-0E8D-4945-A36F-A0862257DD1F}
	EndGlobalSection
EndGlobal
