
Microsoft Visual Studio Solution File, Format Version 12.00
# Visual Studio Version 17
VisualStudioVersion = 17.11.35327.3
MinimumVisualStudioVersion = 10.0.40219.1
Project("{FAE04EC0-301F-11D3-BF4B-00C04F79EFBC}") = "ListaDeAtividades", "ListaDeAtividades.csproj", "{91006A16-D3E4-4006-AF2E-684787985389}"
EndProject
Global
	GlobalSection(SolutionConfigurationPlatforms) = preSolution
		Debug|Any CPU = Debug|Any CPU
		Release|Any CPU = Release|Any CPU
	EndGlobalSection
	GlobalSection(ProjectConfigurationPlatforms) = postSolution
		{91006A16-D3E4-4006-AF2E-684787985389}.Debug|Any CPU.ActiveCfg = Debug|Any CPU
		{91006A16-D3E4-4006-AF2E-684787985389}.Debug|Any CPU.Build.0 = Debug|Any CPU
		{91006A16-D3E4-4006-AF2E-684787985389}.Release|Any CPU.ActiveCfg = Release|Any CPU
		{91006A16-D3E4-4006-AF2E-684787985389}.Release|Any CPU.Build.0 = Release|Any CPU
	EndGlobalSection
	GlobalSection(SolutionProperties) = preSolution
		HideSolutionNode = FALSE
	EndGlobalSection
	GlobalSection(ExtensibilityGlobals) = postSolution
		SolutionGuid = {3AC3FE70-1262-4110-BAB3-D4A33248F2A3}
	EndGlobalSection
EndGlobal
